
Microsoft Visual Studio Solution File, Format Version 12.00
Project("{FAE04EC0-301F-11D3-BF4B-00C04F79EFBC}") = "recal-social-api", "recal-social-api.csproj", "{D31DEE3D-2636-45FA-A0C9-C9F01ECEBCAD}"
EndProject
Project("{2150E333-8FDC-42A3-9474-1A3956D46DE8}") = "Solution Items", "Solution Items", "{BE440E83-A942-4DED-A212-87AB82A18634}"
	ProjectSection(SolutionItems) = preProject
		docker-compose.yml = docker-compose.yml
	EndProjectSection
EndProject
Global
	GlobalSection(SolutionConfigurationPlatforms) = preSolution
		Debug|Any CPU = Debug|Any CPU
		Release|Any CPU = Release|Any CPU
	EndGlobalSection
	GlobalSection(ProjectConfigurationPlatforms) = postSolution
		{D31DEE3D-2636-45FA-A0C9-C9F01ECEBCAD}.Debug|Any CPU.ActiveCfg = Debug|Any CPU
		{D31DEE3D-2636-45FA-A0C9-C9F01ECEBCAD}.Debug|Any CPU.Build.0 = Debug|Any CPU
		{D31DEE3D-2636-45FA-A0C9-C9F01ECEBCAD}.Release|Any CPU.ActiveCfg = Release|Any CPU
		{D31DEE3D-2636-45FA-A0C9-C9F01ECEBCAD}.Release|Any CPU.Build.0 = Release|Any CPU
	EndGlobalSection
EndGlobal
